// !$*UTF8*$!
{
	archiveVersion = 1;
	classes = {
	};
	objectVersion = 50;
	objects = {

/* Begin PBXBuildFile section */
		4C9AA0EA2586710700B788DA /* WetherApp_SwiftUIApp.swift in Sources */ = {isa = PBXBuildFile; fileRef = 4C9AA0D72586710600B788DA /* WetherApp_SwiftUIApp.swift */; };
		4C9AA0EB2586710700B788DA /* WetherApp_SwiftUIApp.swift in Sources */ = {isa = PBXBuildFile; fileRef = 4C9AA0D72586710600B788DA /* WetherApp_SwiftUIApp.swift */; };
		4C9AA0EC2586710700B788DA /* ContentView.swift in Sources */ = {isa = PBXBuildFile; fileRef = 4C9AA0D82586710600B788DA /* ContentView.swift */; };
		4C9AA0ED2586710700B788DA /* ContentView.swift in Sources */ = {isa = PBXBuildFile; fileRef = 4C9AA0D82586710600B788DA /* ContentView.swift */; };
		4C9AA0EE2586710700B788DA /* Assets.xcassets in Resources */ = {isa = PBXBuildFile; fileRef = 4C9AA0D92586710600B788DA /* Assets.xcassets */; };
		4C9AA0EF2586710700B788DA /* Assets.xcassets in Resources */ = {isa = PBXBuildFile; fileRef = 4C9AA0D92586710600B788DA /* Assets.xcassets */; };
		4C9AA0FB258683B900B788DA /* TodaysWeather.swift in Sources */ = {isa = PBXBuildFile; fileRef = 4C9AA0FA258683B900B788DA /* TodaysWeather.swift */; };
		4C9AA0FC258683B900B788DA /* TodaysWeather.swift in Sources */ = {isa = PBXBuildFile; fileRef = 4C9AA0FA258683B900B788DA /* TodaysWeather.swift */; };
		4C9AA11C2586A65F00B788DA /* WeatherButton.swift in Sources */ = {isa = PBXBuildFile; fileRef = 4C9AA11B2586A65F00B788DA /* WeatherButton.swift */; };
		4C9AA11D2586A65F00B788DA /* WeatherButton.swift in Sources */ = {isa = PBXBuildFile; fileRef = 4C9AA11B2586A65F00B788DA /* WeatherButton.swift */; };
/* End PBXBuildFile section */

/* Begin PBXFileReference section */
		4C9AA0D72586710600B788DA /* WetherApp_SwiftUIApp.swift */ = {isa = PBXFileReference; lastKnownFileType = sourcecode.swift; path = WetherApp_SwiftUIApp.swift; sourceTree = "<group>"; };
		4C9AA0D82586710600B788DA /* ContentView.swift */ = {isa = PBXFileReference; lastKnownFileType = sourcecode.swift; path = ContentView.swift; sourceTree = "<group>"; };
		4C9AA0D92586710600B788DA /* Assets.xcassets */ = {isa = PBXFileReference; lastKnownFileType = folder.assetcatalog; path = Assets.xcassets; sourceTree = "<group>"; };
		4C9AA0DE2586710600B788DA /* WetherApp-SwiftUI.app */ = {isa = PBXFileReference; explicitFileType = wrapper.application; includeInIndex = 0; path = "WetherApp-SwiftUI.app"; sourceTree = BUILT_PRODUCTS_DIR; };
		4C9AA0E12586710700B788DA /* Info.plist */ = {isa = PBXFileReference; lastKnownFileType = text.plist.xml; path = Info.plist; sourceTree = "<group>"; };
		4C9AA0E62586710700B788DA /* WetherApp-SwiftUI.app */ = {isa = PBXFileReference; explicitFileType = wrapper.application; includeInIndex = 0; path = "WetherApp-SwiftUI.app"; sourceTree = BUILT_PRODUCTS_DIR; };
		4C9AA0E82586710700B788DA /* Info.plist */ = {isa = PBXFileReference; lastKnownFileType = text.plist.xml; path = Info.plist; sourceTree = "<group>"; };
		4C9AA0E92586710700B788DA /* macOS.entitlements */ = {isa = PBXFileReference; lastKnownFileType = text.plist.entitlements; path = macOS.entitlements; sourceTree = "<group>"; };
		4C9AA0FA258683B900B788DA /* TodaysWeather.swift */ = {isa = PBXFileReference; lastKnownFileType = sourcecode.swift; path = TodaysWeather.swift; sourceTree = "<group>"; };
		4C9AA11B2586A65F00B788DA /* WeatherButton.swift */ = {isa = PBXFileReference; lastKnownFileType = sourcecode.swift; path = WeatherButton.swift; sourceTree = "<group>"; };
/* End PBXFileReference section */

/* Begin PBXFrameworksBuildPhase section */
		4C9AA0DB2586710600B788DA /* Frameworks */ = {
			isa = PBXFrameworksBuildPhase;
			buildActionMask = 2147483647;
			files = (
			);
			runOnlyForDeploymentPostprocessing = 0;
		};
		4C9AA0E32586710700B788DA /* Frameworks */ = {
			isa = PBXFrameworksBuildPhase;
			buildActionMask = 2147483647;
			files = (
			);
			runOnlyForDeploymentPostprocessing = 0;
		};
/* End PBXFrameworksBuildPhase section */

/* Begin PBXGroup section */
		4C9AA0D12586710600B788DA = {
			isa = PBXGroup;
			children = (
				4C9AA0D62586710600B788DA /* Shared */,
				4C9AA0E02586710600B788DA /* iOS */,
				4C9AA0E72586710700B788DA /* macOS */,
				4C9AA0DF2586710600B788DA /* Products */,
			);
			sourceTree = "<group>";
		};
		4C9AA0D62586710600B788DA /* Shared */ = {
			isa = PBXGroup;
			children = (
				4C9AA0D72586710600B788DA /* WetherApp_SwiftUIApp.swift */,
				4C9AA0D82586710600B788DA /* ContentView.swift */,
				4C9AA0D92586710600B788DA /* Assets.xcassets */,
				4C9AA0FA258683B900B788DA /* TodaysWeather.swift */,
				4C9AA11B2586A65F00B788DA /* WeatherButton.swift */,
			);
			path = Shared;
			sourceTree = "<group>";
		};
		4C9AA0DF2586710600B788DA /* Products */ = {
			isa = PBXGroup;
			children = (
				4C9AA0DE2586710600B788DA /* WetherApp-SwiftUI.app */,
				4C9AA0E62586710700B788DA /* WetherApp-SwiftUI.app */,
			);
			name = Products;
			sourceTree = "<group>";
		};
		4C9AA0E02586710600B788DA /* iOS */ = {
			isa = PBXGroup;
			children = (
				4C9AA0E12586710700B788DA /* Info.plist */,
			);
			path = iOS;
			sourceTree = "<group>";
		};
		4C9AA0E72586710700B788DA /* macOS */ = {
			isa = PBXGroup;
			children = (
				4C9AA0E82586710700B788DA /* Info.plist */,
				4C9AA0E92586710700B788DA /* macOS.entitlements */,
			);
			path = macOS;
			sourceTree = "<group>";
		};
/* End PBXGroup section */

/* Begin PBXNativeTarget section */
		4C9AA0DD2586710600B788DA /* WetherApp-SwiftUI (iOS) */ = {
			isa = PBXNativeTarget;
			buildConfigurationList = 4C9AA0F22586710700B788DA /* Build configuration list for PBXNativeTarget "WetherApp-SwiftUI (iOS)" */;
			buildPhases = (
				4C9AA0DA2586710600B788DA /* Sources */,
				4C9AA0DB2586710600B788DA /* Frameworks */,
				4C9AA0DC2586710600B788DA /* Resources */,
			);
			buildRules = (
			);
			dependencies = (
			);
			name = "WetherApp-SwiftUI (iOS)";
			productName = "WetherApp-SwiftUI (iOS)";
			productReference = 4C9AA0DE2586710600B788DA /* WetherApp-SwiftUI.app */;
			productType = "com.apple.product-type.application";
		};
		4C9AA0E52586710700B788DA /* WetherApp-SwiftUI (macOS) */ = {
			isa = PBXNativeTarget;
			buildConfigurationList = 4C9AA0F52586710700B788DA /* Build configuration list for PBXNativeTarget "WetherApp-SwiftUI (macOS)" */;
			buildPhases = (
				4C9AA0E22586710700B788DA /* Sources */,
				4C9AA0E32586710700B788DA /* Frameworks */,
				4C9AA0E42586710700B788DA /* Resources */,
			);
			buildRules = (
			);
			dependencies = (
			);
			name = "WetherApp-SwiftUI (macOS)";
			productName = "WetherApp-SwiftUI (macOS)";
			productReference = 4C9AA0E62586710700B788DA /* WetherApp-SwiftUI.app */;
			productType = "com.apple.product-type.application";
		};
/* End PBXNativeTarget section */

/* Begin PBXProject section */
		4C9AA0D22586710600B788DA /* Project object */ = {
			isa = PBXProject;
			attributes = {
				LastSwiftUpdateCheck = 1220;
				LastUpgradeCheck = 1220;
				TargetAttributes = {
					4C9AA0DD2586710600B788DA = {
						CreatedOnToolsVersion = 12.2;
					};
					4C9AA0E52586710700B788DA = {
						CreatedOnToolsVersion = 12.2;
					};
				};
			};
			buildConfigurationList = 4C9AA0D52586710600B788DA /* Build configuration list for PBXProject "WetherApp-SwiftUI" */;
			compatibilityVersion = "Xcode 9.3";
			developmentRegion = en;
			hasScannedForEncodings = 0;
			knownRegions = (
				en,
				Base,
			);
			mainGroup = 4C9AA0D12586710600B788DA;
			productRefGroup = 4C9AA0DF2586710600B788DA /* Products */;
			projectDirPath = "";
			projectRoot = "";
			targets = (
				4C9AA0DD2586710600B788DA /* WetherApp-SwiftUI (iOS) */,
				4C9AA0E52586710700B788DA /* WetherApp-SwiftUI (macOS) */,
			);
		};
/* End PBXProject section */

/* Begin PBXResourcesBuildPhase section */
		4C9AA0DC2586710600B788DA /* Resources */ = {
			isa = PBXResourcesBuildPhase;
			buildActionMask = 2147483647;
			files = (
				4C9AA0EE2586710700B788DA /* Assets.xcassets in Resources */,
			);
			runOnlyForDeploymentPostprocessing = 0;
		};
		4C9AA0E42586710700B788DA /* Resources */ = {
			isa = PBXResourcesBuildPhase;
			buildActionMask = 2147483647;
			files = (
				4C9AA0EF2586710700B788DA /* Assets.xcassets in Resources */,
			);
			runOnlyForDeploymentPostprocessing = 0;
		};
/* End PBXResourcesBuildPhase section */

/* Begin PBXSourcesBuildPhase section */
		4C9AA0DA2586710600B788DA /* Sources */ = {
			isa = PBXSourcesBuildPhase;
			buildActionMask = 2147483647;
			files = (
				4C9AA0EC2586710700B788DA /* ContentView.swift in Sources */,
				4C9AA0FB258683B900B788DA /* TodaysWeather.swift in Sources */,
				4C9AA11C2586A65F00B788DA /* WeatherButton.swift in Sources */,
				4C9AA0EA2586710700B788DA /* WetherApp_SwiftUIApp.swift in Sources */,
			);
			runOnlyForDeploymentPostprocessing = 0;
		};
		4C9AA0E22586710700B788DA /* Sources */ = {
			isa = PBXSourcesBuildPhase;
			buildActionMask = 2147483647;
			files = (
				4C9AA0ED2586710700B788DA /* ContentView.swift in Sources */,
				4C9AA0FC258683B900B788DA /* TodaysWeather.swift in Sources */,
				4C9AA11D2586A65F00B788DA /* WeatherButton.swift in Sources */,
				4C9AA0EB2586710700B788DA /* WetherApp_SwiftUIApp.swift in Sources */,
			);
			runOnlyForDeploymentPostprocessing = 0;
		};
/* End PBXSourcesBuildPhase section */

/* Begin XCBuildConfiguration section */
		4C9AA0F02586710700B788DA /* Debug */ = {
			isa = XCBuildConfiguration;
			buildSettings = {
				ALWAYS_SEARCH_USER_PATHS = NO;
				CLANG_ANALYZER_NONNULL = YES;
				CLANG_ANALYZER_NUMBER_OBJECT_CONVERSION = YES_AGGRESSIVE;
				CLANG_CXX_LANGUAGE_STANDARD = "gnu++14";
				CLANG_CXX_LIBRARY = "libc++";
				CLANG_ENABLE_MODULES = YES;
				CLANG_ENABLE_OBJC_ARC = YES;
				CLANG_ENABLE_OBJC_WEAK = YES;
				CLANG_WARN_BLOCK_CAPTURE_AUTORELEASING = YES;
				CLANG_WARN_BOOL_CONVERSION = YES;
				CLANG_WARN_COMMA = YES;
				CLANG_WARN_CONSTANT_CONVERSION = YES;
				CLANG_WARN_DEPRECATED_OBJC_IMPLEMENTATIONS = YES;
				CLANG_WARN_DIRECT_OBJC_ISA_USAGE = YES_ERROR;
				CLANG_WARN_DOCUMENTATION_COMMENTS = YES;
				CLANG_WARN_EMPTY_BODY = YES;
				CLANG_WARN_ENUM_CONVERSION = YES;
				CLANG_WARN_INFINITE_RECURSION = YES;
				CLANG_WARN_INT_CONVERSION = YES;
				CLANG_WARN_NON_LITERAL_NULL_CONVERSION = YES;
				CLANG_WARN_OBJC_IMPLICIT_RETAIN_SELF = YES;
				CLANG_WARN_OBJC_LITERAL_CONVERSION = YES;
				CLANG_WARN_OBJC_ROOT_CLASS = YES_ERROR;
				CLANG_WARN_QUOTED_INCLUDE_IN_FRAMEWORK_HEADER = YES;
				CLANG_WARN_RANGE_LOOP_ANALYSIS = YES;
				CLANG_WARN_STRICT_PROTOTYPES = YES;
				CLANG_WARN_SUSPICIOUS_MOVE = YES;
				CLANG_WARN_UNGUARDED_AVAILABILITY = YES_AGGRESSIVE;
				CLANG_WARN_UNREACHABLE_CODE = YES;
				CLANG_WARN__DUPLICATE_METHOD_MATCH = YES;
				COPY_PHASE_STRIP = NO;
				DEBUG_INFORMATION_FORMAT = dwarf;
				ENABLE_STRICT_OBJC_MSGSEND = YES;
				ENABLE_TESTABILITY = YES;
				GCC_C_LANGUAGE_STANDARD = gnu11;
				GCC_DYNAMIC_NO_PIC = NO;
				GCC_NO_COMMON_BLOCKS = YES;
				GCC_OPTIMIZATION_LEVEL = 0;
				GCC_PREPROCESSOR_DEFINITIONS = (
					"DEBUG=1",
					"$(inherited)",
				);
				GCC_WARN_64_TO_32_BIT_CONVERSION = YES;
				GCC_WARN_ABOUT_RETURN_TYPE = YES_ERROR;
				GCC_WARN_UNDECLARED_SELECTOR = YES;
				GCC_WARN_UNINITIALIZED_AUTOS = YES_AGGRESSIVE;
				GCC_WARN_UNUSED_FUNCTION = YES;
				GCC_WARN_UNUSED_VARIABLE = YES;
				MTL_ENABLE_DEBUG_INFO = INCLUDE_SOURCE;
				MTL_FAST_MATH = YES;
				ONLY_ACTIVE_ARCH = YES;
				SWIFT_ACTIVE_COMPILATION_CONDITIONS = DEBUG;
				SWIFT_OPTIMIZATION_LEVEL = "-Onone";
			};
			name = Debug;
		};
		4C9AA0F12586710700B788DA /* Release */ = {
			isa = XCBuildConfiguration;
			buildSettings = {
				ALWAYS_SEARCH_USER_PATHS = NO;
				CLANG_ANALYZER_NONNULL = YES;
				CLANG_ANALYZER_NUMBER_OBJECT_CONVERSION = YES_AGGRESSIVE;
				CLANG_CXX_LANGUAGE_STANDARD = "gnu++14";
				CLANG_CXX_LIBRARY = "libc++";
				CLANG_ENABLE_MODULES = YES;
				CLANG_ENABLE_OBJC_ARC = YES;
				CLANG_ENABLE_OBJC_WEAK = YES;
				CLANG_WARN_BLOCK_CAPTURE_AUTORELEASING = YES;
				CLANG_WARN_BOOL_CONVERSION = YES;
				CLANG_WARN_COMMA = YES;
				CLANG_WARN_CONSTANT_CONVERSION = YES;
				CLANG_WARN_DEPRECATED_OBJC_IMPLEMENTATIONS = YES;
				CLANG_WARN_DIRECT_OBJC_ISA_USAGE = YES_ERROR;
				CLANG_WARN_DOCUMENTATION_COMMENTS = YES;
				CLANG_WARN_EMPTY_BODY = YES;
				CLANG_WARN_ENUM_CONVERSION = YES;
				CLANG_WARN_INFINITE_RECURSION = YES;
				CLANG_WARN_INT_CONVERSION = YES;
				CLANG_WARN_NON_LITERAL_NULL_CONVERSION = YES;
				CLANG_WARN_OBJC_IMPLICIT_RETAIN_SELF = YES;
				CLANG_WARN_OBJC_LITERAL_CONVERSION = YES;
				CLANG_WARN_OBJC_ROOT_CLASS = YES_ERROR;
				CLANG_WARN_QUOTED_INCLUDE_IN_FRAMEWORK_HEADER = YES;
				CLANG_WARN_RANGE_LOOP_ANALYSIS = YES;
				CLANG_WARN_STRICT_PROTOTYPES = YES;
				CLANG_WARN_SUSPICIOUS_MOVE = YES;
				CLANG_WARN_UNGUARDED_AVAILABILITY = YES_AGGRESSIVE;
				CLANG_WARN_UNREACHABLE_CODE = YES;
				CLANG_WARN__DUPLICATE_METHOD_MATCH = YES;
				COPY_PHASE_STRIP = NO;
				DEBUG_INFORMATION_FORMAT = "dwarf-with-dsym";
				ENABLE_NS_ASSERTIONS = NO;
				ENABLE_STRICT_OBJC_MSGSEND = YES;
				GCC_C_LANGUAGE_STANDARD = gnu11;
				GCC_NO_COMMON_BLOCKS = YES;
				GCC_WARN_64_TO_32_BIT_CONVERSION = YES;
				GCC_WARN_ABOUT_RETURN_TYPE = YES_ERROR;
				GCC_WARN_UNDECLARED_SELECTOR = YES;
				GCC_WARN_UNINITIALIZED_AUTOS = YES_AGGRESSIVE;
				GCC_WARN_UNUSED_FUNCTION = YES;
				GCC_WARN_UNUSED_VARIABLE = YES;
				MTL_ENABLE_DEBUG_INFO = NO;
				MTL_FAST_MATH = YES;
				SWIFT_COMPILATION_MODE = wholemodule;
				SWIFT_OPTIMIZATION_LEVEL = "-O";
			};
			name = Release;
		};
		4C9AA0F32586710700B788DA /* Debug */ = {
			isa = XCBuildConfiguration;
			buildSettings = {
				ASSETCATALOG_COMPILER_APPICON_NAME = AppIcon;
				ASSETCATALOG_COMPILER_GLOBAL_ACCENT_COLOR_NAME = AccentColor;
				CODE_SIGN_STYLE = Automatic;
				DEVELOPMENT_TEAM = H67HBX73UR;
				ENABLE_PREVIEWS = YES;
				INFOPLIST_FILE = iOS/Info.plist;
				IPHONEOS_DEPLOYMENT_TARGET = 14.0;
				LD_RUNPATH_SEARCH_PATHS = (
					"$(inherited)",
					"@executable_path/Frameworks",
				);
				PRODUCT_BUNDLE_IDENTIFIER = "com.kalinbalabanov.WetherApp-SwiftUI";
				PRODUCT_NAME = "WetherApp-SwiftUI";
				SDKROOT = iphoneos;
				SWIFT_VERSION = 5.0;
				TARGETED_DEVICE_FAMILY = "1,2";
			};
			name = Debug;
		};
		4C9AA0F42586710700B788DA /* Release */ = {
			isa = XCBuildConfiguration;
			buildSettings = {
				ASSETCATALOG_COMPILER_APPICON_NAME = AppIcon;
				ASSETCATALOG_COMPILER_GLOBAL_ACCENT_COLOR_NAME = AccentColor;
				CODE_SIGN_STYLE = Automatic;
				DEVELOPMENT_TEAM = H67HBX73UR;
				ENABLE_PREVIEWS = YES;
				INFOPLIST_FILE = iOS/Info.plist;
				IPHONEOS_DEPLOYMENT_TARGET = 14.0;
				LD_RUNPATH_SEARCH_PATHS = (
					"$(inherited)",
					"@executable_path/Frameworks",
				);
				PRODUCT_BUNDLE_IDENTIFIER = "com.kalinbalabanov.WetherApp-SwiftUI";
				PRODUCT_NAME = "WetherApp-SwiftUI";
				SDKROOT = iphoneos;
				SWIFT_VERSION = 5.0;
				TARGETED_DEVICE_FAMILY = "1,2";
				VALIDATE_PRODUCT = YES;
			};
			name = Release;
		};
		4C9AA0F62586710700B788DA /* Debug */ = {
			isa = XCBuildConfiguration;
			buildSettings = {
				ASSETCATALOG_COMPILER_APPICON_NAME = AppIcon;
				ASSETCATALOG_COMPILER_GLOBAL_ACCENT_COLOR_NAME = AccentColor;
				CODE_SIGN_ENTITLEMENTS = macOS/macOS.entitlements;
				CODE_SIGN_STYLE = Automatic;
				COMBINE_HIDPI_IMAGES = YES;
				DEVELOPMENT_TEAM = H67HBX73UR;
				ENABLE_HARDENED_RUNTIME = YES;
				ENABLE_PREVIEWS = YES;
				INFOPLIST_FILE = macOS/Info.plist;
				LD_RUNPATH_SEARCH_PATHS = (
					"$(inherited)",
					"@executable_path/../Frameworks",
				);
				MACOSX_DEPLOYMENT_TARGET = 11.0;
				PRODUCT_BUNDLE_IDENTIFIER = "com.kalinbalabanov.WetherApp-SwiftUI";
				PRODUCT_NAME = "WetherApp-SwiftUI";
				SDKROOT = macosx;
				SWIFT_VERSION = 5.0;
			};
			name = Debug;
		};
		4C9AA0F72586710700B788DA /* Release */ = {
			isa = XCBuildConfiguration;
			buildSettings = {
				ASSETCATALOG_COMPILER_APPICON_NAME = AppIcon;
				ASSETCATALOG_COMPILER_GLOBAL_ACCENT_COLOR_NAME = AccentColor;
				CODE_SIGN_ENTITLEMENTS = macOS/macOS.entitlements;
				CODE_SIGN_STYLE = Automatic;
				COMBINE_HIDPI_IMAGES = YES;
				DEVELOPMENT_TEAM = H67HBX73UR;
				ENABLE_HARDENED_RUNTIME = YES;
				ENABLE_PREVIEWS = YES;
				INFOPLIST_FILE = macOS/Info.plist;
				LD_RUNPATH_SEARCH_PATHS = (
					"$(inherited)",
					"@executable_path/../Frameworks",
				);
				MACOSX_DEPLOYMENT_TARGET = 11.0;
				PRODUCT_BUNDLE_IDENTIFIER = "com.kalinbalabanov.WetherApp-SwiftUI";
				PRODUCT_NAME = "WetherApp-SwiftUI";
				SDKROOT = macosx;
				SWIFT_VERSION = 5.0;
			};
			name = Release;
		};
/* End XCBuildConfiguration section */

/* Begin XCConfigurationList section */
		4C9AA0D52586710600B788DA /* Build configuration list for PBXProject "WetherApp-SwiftUI" */ = {
			isa = XCConfigurationList;
			buildConfigurations = (
				4C9AA0F02586710700B788DA /* Debug */,
				4C9AA0F12586710700B788DA /* Release */,
			);
			defaultConfigurationIsVisible = 0;
			defaultConfigurationName = Release;
		};
		4C9AA0F22586710700B788DA /* Build configuration list for PBXNativeTarget "WetherApp-SwiftUI (iOS)" */ = {
			isa = XCConfigurationList;
			buildConfigurations = (
				4C9AA0F32586710700B788DA /* Debug */,
				4C9AA0F42586710700B788DA /* Release */,
			);
			defaultConfigurationIsVisible = 0;
			defaultConfigurationName = Release;
		};
		4C9AA0F52586710700B788DA /* Build configuration list for PBXNativeTarget "WetherApp-SwiftUI (macOS)" */ = {
			isa = XCConfigurationList;
			buildConfigurations = (
				4C9AA0F62586710700B788DA /* Debug */,
				4C9AA0F72586710700B788DA /* Release */,
			);
			defaultConfigurationIsVisible = 0;
			defaultConfigurationName = Release;
		};
/* End XCConfigurationList section */
	};
	rootObject = 4C9AA0D22586710600B788DA /* Project object */;
}
